
Microsoft Visual Studio Solution File, Format Version 12.00
# Visual Studio Version 16
VisualStudioVersion = 16.0.29926.136
MinimumVisualStudioVersion = 10.0.40219.1
Project("{FAE04EC0-301F-11D3-BF4B-00C04F79EFBC}") = "BattleShip", "BattleShip\BattleShip.csproj", "{C5FDEDF5-2CCF-41FE-8F67-8027A2DCC782}"
EndProject
Global
	GlobalSection(SolutionConfigurationPlatforms) = preSolution
		Debug|Any CPU = Debug|Any CPU
		Release|Any CPU = Release|Any CPU
	EndGlobalSection
	GlobalSection(ProjectConfigurationPlatforms) = postSolution
		{C5FDEDF5-2CCF-41FE-8F67-8027A2DCC782}.Debug|Any CPU.ActiveCfg = Debug|Any CPU
		{C5FDEDF5-2CCF-41FE-8F67-8027A2DCC782}.Debug|Any CPU.Build.0 = Debug|Any CPU
		{C5FDEDF5-2CCF-41FE-8F67-8027A2DCC782}.Release|Any CPU.ActiveCfg = Release|Any CPU
		{C5FDEDF5-2CCF-41FE-8F67-8027A2DCC782}.Release|Any CPU.Build.0 = Release|Any CPU
	EndGlobalSection
	GlobalSection(SolutionProperties) = preSolution
		HideSolutionNode = FALSE
	EndGlobalSection
	GlobalSection(ExtensibilityGlobals) = postSolution
		SolutionGuid = {3FC47B6A-7ACA-43B4-9862-8DB4F981AB83}
	EndGlobalSection
EndGlobal
